
Microsoft Visual Studio Solution File, Format Version 12.00
# Visual Studio Version 17
VisualStudioVersion = 17.14.36603.0 d17.14
MinimumVisualStudioVersion = 10.0.40219.1
Project("{FAE04EC0-301F-11D3-BF4B-00C04F79EFBC}") = "Zmey", "Zmey\Zmey.csproj", "{38937F08-73D8-4DEC-ABF1-4CBC4B167433}"
EndProject
Global
	GlobalSection(SolutionConfigurationPlatforms) = preSolution
		Debug|Any CPU = Debug|Any CPU
		Release|Any CPU = Release|Any CPU
	EndGlobalSection
	GlobalSection(ProjectConfigurationPlatforms) = postSolution
		{38937F08-73D8-4DEC-ABF1-4CBC4B167433}.Debug|Any CPU.ActiveCfg = Debug|Any CPU
		{38937F08-73D8-4DEC-ABF1-4CBC4B167433}.Debug|Any CPU.Build.0 = Debug|Any CPU
		{38937F08-73D8-4DEC-ABF1-4CBC4B167433}.Release|Any CPU.ActiveCfg = Release|Any CPU
		{38937F08-73D8-4DEC-ABF1-4CBC4B167433}.Release|Any CPU.Build.0 = Release|Any CPU
	EndGlobalSection
	GlobalSection(SolutionProperties) = preSolution
		HideSolutionNode = FALSE
	EndGlobalSection
	GlobalSection(ExtensibilityGlobals) = postSolution
		SolutionGuid = {3CEB8758-E40F-40BD-83A7-FC60C81F20D9}
	EndGlobalSection
EndGlobal
